# This file is automatically @generated by Cargo.
# It is not intended for manual editing.
version = 4

[[package]]
name = "aether"
version = "0.1.0"

[[package]]
name = "file_bard"
version = "0.1.0"
dependencies = [
 "voice",
]

[[package]]
name = "typed_voice"
version = "0.1.0"
dependencies = [
 "voice",
]

[[package]]
name = "voice"
version = "0.1.0"
